
Microsoft Visual Studio Solution File, Format Version 12.00
# Visual Studio Version 17
VisualStudioVersion = 17.7.34009.444
MinimumVisualStudioVersion = 10.0.40219.1
Project("{FAE04EC0-301F-11D3-BF4B-00C04F79EFBC}") = "OfficeFileConverter", "OfficeFileConverter\OfficeFileConverter.csproj", "{348C3902-9616-4207-B73C-3A1077A894E0}"
EndProject
Global
	GlobalSection(SolutionConfigurationPlatforms) = preSolution
		Debug|Any CPU = Debug|Any CPU
		Release|Any CPU = Release|Any CPU
	EndGlobalSection
	GlobalSection(ProjectConfigurationPlatforms) = postSolution
		{348C3902-9616-4207-B73C-3A1077A894E0}.Debug|Any CPU.ActiveCfg = Debug|Any CPU
		{348C3902-9616-4207-B73C-3A1077A894E0}.Debug|Any CPU.Build.0 = Debug|Any CPU
		{348C3902-9616-4207-B73C-3A1077A894E0}.Release|Any CPU.ActiveCfg = Release|Any CPU
		{348C3902-9616-4207-B73C-3A1077A894E0}.Release|Any CPU.Build.0 = Release|Any CPU
	EndGlobalSection
	GlobalSection(SolutionProperties) = preSolution
		HideSolutionNode = FALSE
	EndGlobalSection
	GlobalSection(ExtensibilityGlobals) = postSolution
		SolutionGuid = {0FBF907E-AB9F-4F93-A310-0F4A88A50EAC}
	EndGlobalSection
EndGlobal
